// !$*UTF8*$!
{
	archiveVersion = 1;
	classes = {
	};
	objectVersion = 50;
	objects = {

/* Begin PBXBuildFile section */
		EB7AC562226642F800B284A7 /* InventoryTableViewController.swift in Sources */ = {isa = PBXBuildFile; fileRef = EB7AC561226642F800B284A7 /* InventoryTableViewController.swift */; };
		EB87AFFF2264E28C00989322 /* AppDelegate.swift in Sources */ = {isa = PBXBuildFile; fileRef = EB87AFFE2264E28C00989322 /* AppDelegate.swift */; };
		EB87B0042264E28C00989322 /* Main.storyboard in Resources */ = {isa = PBXBuildFile; fileRef = EB87B0022264E28C00989322 /* Main.storyboard */; };
		EB87B0062264E28C00989322 /* Assets.xcassets in Resources */ = {isa = PBXBuildFile; fileRef = EB87B0052264E28C00989322 /* Assets.xcassets */; };
		EB87B0092264E28C00989322 /* LaunchScreen.storyboard in Resources */ = {isa = PBXBuildFile; fileRef = EB87B0072264E28C00989322 /* LaunchScreen.storyboard */; };
		EB87B0112264E2E100989322 /* inventory.json in Resources */ = {isa = PBXBuildFile; fileRef = EB87B0102264E2E100989322 /* inventory.json */; };
		EB87B0182264E46700989322 /* InventoryStruct.swift in Sources */ = {isa = PBXBuildFile; fileRef = EB87B0172264E46700989322 /* InventoryStruct.swift */; };
/* End PBXBuildFile section */

/* Begin PBXFileReference section */
		EB7AC561226642F800B284A7 /* InventoryTableViewController.swift */ = {isa = PBXFileReference; lastKnownFileType = sourcecode.swift; path = InventoryTableViewController.swift; sourceTree = "<group>"; };
		EB87AFFB2264E28C00989322 /* Inventory.app */ = {isa = PBXFileReference; explicitFileType = wrapper.application; includeInIndex = 0; path = Inventory.app; sourceTree = BUILT_PRODUCTS_DIR; };
		EB87AFFE2264E28C00989322 /* AppDelegate.swift */ = {isa = PBXFileReference; lastKnownFileType = sourcecode.swift; path = AppDelegate.swift; sourceTree = "<group>"; };
		EB87B0032264E28C00989322 /* Base */ = {isa = PBXFileReference; lastKnownFileType = file.storyboard; name = Base; path = Base.lproj/Main.storyboard; sourceTree = "<group>"; };
		EB87B0052264E28C00989322 /* Assets.xcassets */ = {isa = PBXFileReference; lastKnownFileType = folder.assetcatalog; path = Assets.xcassets; sourceTree = "<group>"; };
		EB87B0082264E28C00989322 /* Base */ = {isa = PBXFileReference; lastKnownFileType = file.storyboard; name = Base; path = Base.lproj/LaunchScreen.storyboard; sourceTree = "<group>"; };
		EB87B00A2264E28C00989322 /* Info.plist */ = {isa = PBXFileReference; lastKnownFileType = text.plist.xml; path = Info.plist; sourceTree = "<group>"; };
		EB87B0102264E2E100989322 /* inventory.json */ = {isa = PBXFileReference; fileEncoding = 4; lastKnownFileType = text.json; path = inventory.json; sourceTree = "<group>"; };
		EB87B0172264E46700989322 /* InventoryStruct.swift */ = {isa = PBXFileReference; lastKnownFileType = sourcecode.swift; path = InventoryStruct.swift; sourceTree = "<group>"; };
/* End PBXFileReference section */

/* Begin PBXFrameworksBuildPhase section */
		EB87AFF82264E28C00989322 /* Frameworks */ = {
			isa = PBXFrameworksBuildPhase;
			buildActionMask = 2147483647;
			files = (
			);
			runOnlyForDeploymentPostprocessing = 0;
		};
/* End PBXFrameworksBuildPhase section */

/* Begin PBXGroup section */
		EB87AFF22264E28C00989322 = {
			isa = PBXGroup;
			children = (
				EB87AFFD2264E28C00989322 /* Inventory */,
				EB87AFFC2264E28C00989322 /* Products */,
			);
			sourceTree = "<group>";
		};
		EB87AFFC2264E28C00989322 /* Products */ = {
			isa = PBXGroup;
			children = (
				EB87AFFB2264E28C00989322 /* Inventory.app */,
			);
			name = Products;
			sourceTree = "<group>";
		};
		EB87AFFD2264E28C00989322 /* Inventory */ = {
			isa = PBXGroup;
			children = (
				EB87B0142264E40500989322 /* Model */,
				EB87AFFE2264E28C00989322 /* AppDelegate.swift */,
				EB87B0022264E28C00989322 /* Main.storyboard */,
				EB7AC561226642F800B284A7 /* InventoryTableViewController.swift */,
				EB87B0052264E28C00989322 /* Assets.xcassets */,
				EB87B0072264E28C00989322 /* LaunchScreen.storyboard */,
				EB87B00A2264E28C00989322 /* Info.plist */,
			);
			path = Inventory;
			sourceTree = "<group>";
		};
		EB87B0142264E40500989322 /* Model */ = {
			isa = PBXGroup;
			children = (
				EB87B0102264E2E100989322 /* inventory.json */,
				EB87B0172264E46700989322 /* InventoryStruct.swift */,
			);
			path = Model;
			sourceTree = "<group>";
		};
/* End PBXGroup section */

/* Begin PBXNativeTarget section */
		EB87AFFA2264E28C00989322 /* Inventory */ = {
			isa = PBXNativeTarget;
			buildConfigurationList = EB87B00D2264E28C00989322 /* Build configuration list for PBXNativeTarget "Inventory" */;
			buildPhases = (
				EB87AFF72264E28C00989322 /* Sources */,
				EB87AFF82264E28C00989322 /* Frameworks */,
				EB87AFF92264E28C00989322 /* Resources */,
			);
			buildRules = (
			);
			dependencies = (
			);
			name = Inventory;
			productName = Inventory;
			productReference = EB87AFFB2264E28C00989322 /* Inventory.app */;
			productType = "com.apple.product-type.application";
		};
/* End PBXNativeTarget section */

/* Begin PBXProject section */
		EB87AFF32264E28C00989322 /* Project object */ = {
			isa = PBXProject;
			attributes = {
				LastSwiftUpdateCheck = 1020;
				LastUpgradeCheck = 1020;
				ORGANIZATIONNAME = "Weston Verhulst";
				TargetAttributes = {
					EB87AFFA2264E28C00989322 = {
						CreatedOnToolsVersion = 10.2;
					};
				};
			};
			buildConfigurationList = EB87AFF62264E28C00989322 /* Build configuration list for PBXProject "Inventory" */;
			compatibilityVersion = "Xcode 9.3";
			developmentRegion = en;
			hasScannedForEncodings = 0;
			knownRegions = (
				en,
				Base,
			);
			mainGroup = EB87AFF22264E28C00989322;
			productRefGroup = EB87AFFC2264E28C00989322 /* Products */;
			projectDirPath = "";
			projectRoot = "";
			targets = (
				EB87AFFA2264E28C00989322 /* Inventory */,
			);
		};
/* End PBXProject section */

/* Begin PBXResourcesBuildPhase section */
		EB87AFF92264E28C00989322 /* Resources */ = {
			isa = PBXResourcesBuildPhase;
			buildActionMask = 2147483647;
			files = (
				EB87B0112264E2E100989322 /* inventory.json in Resources */,
				EB87B0092264E28C00989322 /* LaunchScreen.storyboard in Resources */,
				EB87B0062264E28C00989322 /* Assets.xcassets in Resources */,
				EB87B0042264E28C00989322 /* Main.storyboard in Resources */,
			);
			runOnlyForDeploymentPostprocessing = 0;
		};
/* End PBXResourcesBuildPhase section */

/* Begin PBXSourcesBuildPhase section */
		EB87AFF72264E28C00989322 /* Sources */ = {
			isa = PBXSourcesBuildPhase;
			buildActionMask = 2147483647;
			files = (
				EB87B0182264E46700989322 /* InventoryStruct.swift in Sources */,
				EB7AC562226642F800B284A7 /* InventoryTableViewController.swift in Sources */,
				EB87AFFF2264E28C00989322 /* AppDelegate.swift in Sources */,
			);
			runOnlyForDeploymentPostprocessing = 0;
		};
/* End PBXSourcesBuildPhase section */

/* Begin PBXVariantGroup section */
		EB87B0022264E28C00989322 /* Main.storyboard */ = {
			isa = PBXVariantGroup;
			children = (
				EB87B0032264E28C00989322 /* Base */,
			);
			name = Main.storyboard;
			sourceTree = "<group>";
		};
		EB87B0072264E28C00989322 /* LaunchScreen.storyboard */ = {
			isa = PBXVariantGroup;
			children = (
				EB87B0082264E28C00989322 /* Base */,
			);
			name = LaunchScreen.storyboard;
			sourceTree = "<group>";
		};
/* End PBXVariantGroup section */

/* Begin XCBuildConfiguration section */
		EB87B00B2264E28C00989322 /* Debug */ = {
			isa = XCBuildConfiguration;
			buildSettings = {
				ALWAYS_SEARCH_USER_PATHS = NO;
				CLANG_ANALYZER_NONNULL = YES;
				CLANG_ANALYZER_NUMBER_OBJECT_CONVERSION = YES_AGGRESSIVE;
				CLANG_CXX_LANGUAGE_STANDARD = "gnu++14";
				CLANG_CXX_LIBRARY = "libc++";
				CLANG_ENABLE_MODULES = YES;
				CLANG_ENABLE_OBJC_ARC = YES;
				CLANG_ENABLE_OBJC_WEAK = YES;
				CLANG_WARN_BLOCK_CAPTURE_AUTORELEASING = YES;
				CLANG_WARN_BOOL_CONVERSION = YES;
				CLANG_WARN_COMMA = YES;
				CLANG_WARN_CONSTANT_CONVERSION = YES;
				CLANG_WARN_DEPRECATED_OBJC_IMPLEMENTATIONS = YES;
				CLANG_WARN_DIRECT_OBJC_ISA_USAGE = YES_ERROR;
				CLANG_WARN_DOCUMENTATION_COMMENTS = YES;
				CLANG_WARN_EMPTY_BODY = YES;
				CLANG_WARN_ENUM_CONVERSION = YES;
				CLANG_WARN_INFINITE_RECURSION = YES;
				CLANG_WARN_INT_CONVERSION = YES;
				CLANG_WARN_NON_LITERAL_NULL_CONVERSION = YES;
				CLANG_WARN_OBJC_IMPLICIT_RETAIN_SELF = YES;
				CLANG_WARN_OBJC_LITERAL_CONVERSION = YES;
				CLANG_WARN_OBJC_ROOT_CLASS = YES_ERROR;
				CLANG_WARN_RANGE_LOOP_ANALYSIS = YES;
				CLANG_WARN_STRICT_PROTOTYPES = YES;
				CLANG_WARN_SUSPICIOUS_MOVE = YES;
				CLANG_WARN_UNGUARDED_AVAILABILITY = YES_AGGRESSIVE;
				CLANG_WARN_UNREACHABLE_CODE = YES;
				CLANG_WARN__DUPLICATE_METHOD_MATCH = YES;
				CODE_SIGN_IDENTITY = "iPhone Developer";
				COPY_PHASE_STRIP = NO;
				DEBUG_INFORMATION_FORMAT = dwarf;
				ENABLE_STRICT_OBJC_MSGSEND = YES;
				ENABLE_TESTABILITY = YES;
				GCC_C_LANGUAGE_STANDARD = gnu11;
				GCC_DYNAMIC_NO_PIC = NO;
				GCC_NO_COMMON_BLOCKS = YES;
				GCC_OPTIMIZATION_LEVEL = 0;
				GCC_PREPROCESSOR_DEFINITIONS = (
					"DEBUG=1",
					"$(inherited)",
				);
				GCC_WARN_64_TO_32_BIT_CONVERSION = YES;
				GCC_WARN_ABOUT_RETURN_TYPE = YES_ERROR;
				GCC_WARN_UNDECLARED_SELECTOR = YES;
				GCC_WARN_UNINITIALIZED_AUTOS = YES_AGGRESSIVE;
				GCC_WARN_UNUSED_FUNCTION = YES;
				GCC_WARN_UNUSED_VARIABLE = YES;
				IPHONEOS_DEPLOYMENT_TARGET = 12.2;
				MTL_ENABLE_DEBUG_INFO = INCLUDE_SOURCE;
				MTL_FAST_MATH = YES;
				ONLY_ACTIVE_ARCH = YES;
				SDKROOT = iphoneos;
				SWIFT_ACTIVE_COMPILATION_CONDITIONS = DEBUG;
				SWIFT_OPTIMIZATION_LEVEL = "-Onone";
			};
			name = Debug;
		};
		EB87B00C2264E28C00989322 /* Release */ = {
			isa = XCBuildConfiguration;
			buildSettings = {
				ALWAYS_SEARCH_USER_PATHS = NO;
				CLANG_ANALYZER_NONNULL = YES;
				CLANG_ANALYZER_NUMBER_OBJECT_CONVERSION = YES_AGGRESSIVE;
				CLANG_CXX_LANGUAGE_STANDARD = "gnu++14";
				CLANG_CXX_LIBRARY = "libc++";
				CLANG_ENABLE_MODULES = YES;
				CLANG_ENABLE_OBJC_ARC = YES;
				CLANG_ENABLE_OBJC_WEAK = YES;
				CLANG_WARN_BLOCK_CAPTURE_AUTORELEASING = YES;
				CLANG_WARN_BOOL_CONVERSION = YES;
				CLANG_WARN_COMMA = YES;
				CLANG_WARN_CONSTANT_CONVERSION = YES;
				CLANG_WARN_DEPRECATED_OBJC_IMPLEMENTATIONS = YES;
				CLANG_WARN_DIRECT_OBJC_ISA_USAGE = YES_ERROR;
				CLANG_WARN_DOCUMENTATION_COMMENTS = YES;
				CLANG_WARN_EMPTY_BODY = YES;
				CLANG_WARN_ENUM_CONVERSION = YES;
				CLANG_WARN_INFINITE_RECURSION = YES;
				CLANG_WARN_INT_CONVERSION = YES;
				CLANG_WARN_NON_LITERAL_NULL_CONVERSION = YES;
				CLANG_WARN_OBJC_IMPLICIT_RETAIN_SELF = YES;
				CLANG_WARN_OBJC_LITERAL_CONVERSION = YES;
				CLANG_WARN_OBJC_ROOT_CLASS = YES_ERROR;
				CLANG_WARN_RANGE_LOOP_ANALYSIS = YES;
				CLANG_WARN_STRICT_PROTOTYPES = YES;
				CLANG_WARN_SUSPICIOUS_MOVE = YES;
				CLANG_WARN_UNGUARDED_AVAILABILITY = YES_AGGRESSIVE;
				CLANG_WARN_UNREACHABLE_CODE = YES;
				CLANG_WARN__DUPLICATE_METHOD_MATCH = YES;
				CODE_SIGN_IDENTITY = "iPhone Developer";
				COPY_PHASE_STRIP = NO;
				DEBUG_INFORMATION_FORMAT = "dwarf-with-dsym";
				ENABLE_NS_ASSERTIONS = NO;
				ENABLE_STRICT_OBJC_MSGSEND = YES;
				GCC_C_LANGUAGE_STANDARD = gnu11;
				GCC_NO_COMMON_BLOCKS = YES;
				GCC_WARN_64_TO_32_BIT_CONVERSION = YES;
				GCC_WARN_ABOUT_RETURN_TYPE = YES_ERROR;
				GCC_WARN_UNDECLARED_SELECTOR = YES;
				GCC_WARN_UNINITIALIZED_AUTOS = YES_AGGRESSIVE;
				GCC_WARN_UNUSED_FUNCTION = YES;
				GCC_WARN_UNUSED_VARIABLE = YES;
				IPHONEOS_DEPLOYMENT_TARGET = 12.2;
				MTL_ENABLE_DEBUG_INFO = NO;
				MTL_FAST_MATH = YES;
				SDKROOT = iphoneos;
				SWIFT_COMPILATION_MODE = wholemodule;
				SWIFT_OPTIMIZATION_LEVEL = "-O";
				VALIDATE_PRODUCT = YES;
			};
			name = Release;
		};
		EB87B00E2264E28C00989322 /* Debug */ = {
			isa = XCBuildConfiguration;
			buildSettings = {
				ASSETCATALOG_COMPILER_APPICON_NAME = AppIcon;
				CODE_SIGN_STYLE = Automatic;
				DEVELOPMENT_TEAM = 5J265BYG5K;
				INFOPLIST_FILE = Inventory/Info.plist;
				LD_RUNPATH_SEARCH_PATHS = (
					"$(inherited)",
					"@executable_path/Frameworks",
				);
				PRODUCT_BUNDLE_IDENTIFIER = iOSAppDev.Inventory;
				PRODUCT_NAME = "$(TARGET_NAME)";
				SWIFT_VERSION = 5.0;
				TARGETED_DEVICE_FAMILY = "1,2";
			};
			name = Debug;
		};
		EB87B00F2264E28C00989322 /* Release */ = {
			isa = XCBuildConfiguration;
			buildSettings = {
				ASSETCATALOG_COMPILER_APPICON_NAME = AppIcon;
				CODE_SIGN_STYLE = Automatic;
				DEVELOPMENT_TEAM = 5J265BYG5K;
				INFOPLIST_FILE = Inventory/Info.plist;
				LD_RUNPATH_SEARCH_PATHS = (
					"$(inherited)",
					"@executable_path/Frameworks",
				);
				PRODUCT_BUNDLE_IDENTIFIER = iOSAppDev.Inventory;
				PRODUCT_NAME = "$(TARGET_NAME)";
				SWIFT_VERSION = 5.0;
				TARGETED_DEVICE_FAMILY = "1,2";
			};
			name = Release;
		};
/* End XCBuildConfiguration section */

/* Begin XCConfigurationList section */
		EB87AFF62264E28C00989322 /* Build configuration list for PBXProject "Inventory" */ = {
			isa = XCConfigurationList;
			buildConfigurations = (
				EB87B00B2264E28C00989322 /* Debug */,
				EB87B00C2264E28C00989322 /* Release */,
			);
			defaultConfigurationIsVisible = 0;
			defaultConfigurationName = Release;
		};
		EB87B00D2264E28C00989322 /* Build configuration list for PBXNativeTarget "Inventory" */ = {
			isa = XCConfigurationList;
			buildConfigurations = (
				EB87B00E2264E28C00989322 /* Debug */,
				EB87B00F2264E28C00989322 /* Release */,
			);
			defaultConfigurationIsVisible = 0;
			defaultConfigurationName = Release;
		};
/* End XCConfigurationList section */
	};
	rootObject = EB87AFF32264E28C00989322 /* Project object */;
}
